
Microsoft Visual Studio Solution File, Format Version 12.00
# Visual Studio Version 17
VisualStudioVersion = 17.0.32112.339
MinimumVisualStudioVersion = 10.0.40219.1
Project("{9A19103F-16F7-4668-BE54-9A1E7A4F7556}") = "Portfolio-Api", "Portfolio-Api.csproj", "{51A756A9-6F6C-49EC-AED2-5684F4D194DD}"
EndProject
Global
	GlobalSection(SolutionConfigurationPlatforms) = preSolution
		Debug|Any CPU = Debug|Any CPU
		Release|Any CPU = Release|Any CPU
	EndGlobalSection
	GlobalSection(ProjectConfigurationPlatforms) = postSolution
		{51A756A9-6F6C-49EC-AED2-5684F4D194DD}.Debug|Any CPU.ActiveCfg = Debug|Any CPU
		{51A756A9-6F6C-49EC-AED2-5684F4D194DD}.Debug|Any CPU.Build.0 = Debug|Any CPU
		{51A756A9-6F6C-49EC-AED2-5684F4D194DD}.Release|Any CPU.ActiveCfg = Release|Any CPU
		{51A756A9-6F6C-49EC-AED2-5684F4D194DD}.Release|Any CPU.Build.0 = Release|Any CPU
	EndGlobalSection
	GlobalSection(SolutionProperties) = preSolution
		HideSolutionNode = FALSE
	EndGlobalSection
	GlobalSection(ExtensibilityGlobals) = postSolution
		SolutionGuid = {7B3F3910-CC7F-4077-821C-1B75FF4E7594}
	EndGlobalSection
EndGlobal
